{
  "name": "Shop_Karo_Clone",
  "lockfileVersion": 2,
  "requires": true,
  "packages": {
    "": {
      "dependencies": {
        "react-simple-image-slider": "^2.4.1"
      }
    },
    "node_modules/react-simple-image-slider": {
      "version": "2.4.1",
      "resolved": "https://registry.npmjs.org/react-simple-image-slider/-/react-simple-image-slider-2.4.1.tgz",
      "integrity": "sha512-9T/WjsRThJup43QxzH202rLVNqaUK9P8izTiWOfLcc5w3QygU44a9IQUuIwGYiXtWvw2spRRGLRc5Xd62/vfDg=="
    }
  },
  "dependencies": {
    "react-simple-image-slider": {
      "version": "2.4.1",
      "resolved": "https://registry.npmjs.org/react-simple-image-slider/-/react-simple-image-slider-2.4.1.tgz",
      "integrity": "sha512-9T/WjsRThJup43QxzH202rLVNqaUK9P8izTiWOfLcc5w3QygU44a9IQUuIwGYiXtWvw2spRRGLRc5Xd62/vfDg=="
    }
  }
}
